
Microsoft Visual Studio Solution File, Format Version 12.00
# Visual Studio Version 18
VisualStudioVersion = 18.0.11205.157 d18.0
MinimumVisualStudioVersion = 10.0.40219.1
Project("{2150E333-8FDC-42A3-9474-1A3956D46DE8}") = "Backend", "Backend", "{02EA681E-C7D8-13C7-8484-4AC65E1B71E8}"
	ProjectSection(SolutionItems) = preProject
		ReadMe.txt = ReadMe.txt
	EndProjectSection
EndProject
Project("{2150E333-8FDC-42A3-9474-1A3956D46DE8}") = "UI", "UI", "{CD2D8659-7D3A-4480-8035-FBE5D361BD95}"
EndProject
Project("{2150E333-8FDC-42A3-9474-1A3956D46DE8}") = "UnitTest", "UnitTest", "{DB6CDE04-FF7E-4BE0-8036-D5BA26123CD8}"
EndProject
Project("{FAE04EC0-301F-11D3-BF4B-00C04F79EFBC}") = "ePizza.UI", "ePizza.UI\ePizza.UI.csproj", "{28636AAA-9BC3-4F0C-9136-C926942FCCFB}"
EndProject
Project("{2150E333-8FDC-42A3-9474-1A3956D46DE8}") = "API", "API", "{EDF6A582-4170-41AC-BE0F-BE07B473B2F8}"
EndProject
Project("{2150E333-8FDC-42A3-9474-1A3956D46DE8}") = "Application", "Application", "{6BC8AF99-4E0E-4C3F-A388-73DE8F89E56D}"
EndProject
Project("{2150E333-8FDC-42A3-9474-1A3956D46DE8}") = "Domain", "Domain", "{6C694192-CD10-43E8-9102-D2CCDCB717B6}"
EndProject
Project("{2150E333-8FDC-42A3-9474-1A3956D46DE8}") = "Infrastucture", "Infrastucture", "{9CCDEFF0-C5B9-412D-8B79-0C880ADBBAEE}"
EndProject
Project("{FAE04EC0-301F-11D3-BF4B-00C04F79EFBC}") = "ePizza.Infrastructure", "ePizza.Infrastructure\ePizza.Infrastructure.csproj", "{258A9197-38B2-4970-BF39-6DF6DC667AC9}"
EndProject
Project("{FAE04EC0-301F-11D3-BF4B-00C04F79EFBC}") = "ePizza.Domain", "ePizza.Domain\ePizza.Domain.csproj", "{41A186DB-B1EC-4B69-ADC0-0F72C45EA193}"
EndProject
Project("{FAE04EC0-301F-11D3-BF4B-00C04F79EFBC}") = "ePizza.Application", "ePizza.Application\ePizza.Application.csproj", "{6FE56EC5-49CC-40AE-A72C-14EF6837109C}"
EndProject
Project("{FAE04EC0-301F-11D3-BF4B-00C04F79EFBC}") = "ePizza.API", "ePizza.API\ePizza.API.csproj", "{734083A7-181B-4EB1-A3D9-62E13142C144}"
EndProject
Global
	GlobalSection(SolutionConfigurationPlatforms) = preSolution
		Debug|Any CPU = Debug|Any CPU
		Release|Any CPU = Release|Any CPU
	EndGlobalSection
	GlobalSection(ProjectConfigurationPlatforms) = postSolution
		{28636AAA-9BC3-4F0C-9136-C926942FCCFB}.Debug|Any CPU.ActiveCfg = Debug|Any CPU
		{28636AAA-9BC3-4F0C-9136-C926942FCCFB}.Debug|Any CPU.Build.0 = Debug|Any CPU
		{28636AAA-9BC3-4F0C-9136-C926942FCCFB}.Release|Any CPU.ActiveCfg = Release|Any CPU
		{28636AAA-9BC3-4F0C-9136-C926942FCCFB}.Release|Any CPU.Build.0 = Release|Any CPU
		{258A9197-38B2-4970-BF39-6DF6DC667AC9}.Debug|Any CPU.ActiveCfg = Debug|Any CPU
		{258A9197-38B2-4970-BF39-6DF6DC667AC9}.Debug|Any CPU.Build.0 = Debug|Any CPU
		{258A9197-38B2-4970-BF39-6DF6DC667AC9}.Release|Any CPU.ActiveCfg = Release|Any CPU
		{258A9197-38B2-4970-BF39-6DF6DC667AC9}.Release|Any CPU.Build.0 = Release|Any CPU
		{41A186DB-B1EC-4B69-ADC0-0F72C45EA193}.Debug|Any CPU.ActiveCfg = Debug|Any CPU
		{41A186DB-B1EC-4B69-ADC0-0F72C45EA193}.Debug|Any CPU.Build.0 = Debug|Any CPU
		{41A186DB-B1EC-4B69-ADC0-0F72C45EA193}.Release|Any CPU.ActiveCfg = Release|Any CPU
		{41A186DB-B1EC-4B69-ADC0-0F72C45EA193}.Release|Any CPU.Build.0 = Release|Any CPU
		{6FE56EC5-49CC-40AE-A72C-14EF6837109C}.Debug|Any CPU.ActiveCfg = Debug|Any CPU
		{6FE56EC5-49CC-40AE-A72C-14EF6837109C}.Debug|Any CPU.Build.0 = Debug|Any CPU
		{6FE56EC5-49CC-40AE-A72C-14EF6837109C}.Release|Any CPU.ActiveCfg = Release|Any CPU
		{6FE56EC5-49CC-40AE-A72C-14EF6837109C}.Release|Any CPU.Build.0 = Release|Any CPU
		{734083A7-181B-4EB1-A3D9-62E13142C144}.Debug|Any CPU.ActiveCfg = Debug|Any CPU
		{734083A7-181B-4EB1-A3D9-62E13142C144}.Debug|Any CPU.Build.0 = Debug|Any CPU
		{734083A7-181B-4EB1-A3D9-62E13142C144}.Release|Any CPU.ActiveCfg = Release|Any CPU
		{734083A7-181B-4EB1-A3D9-62E13142C144}.Release|Any CPU.Build.0 = Release|Any CPU
	EndGlobalSection
	GlobalSection(SolutionProperties) = preSolution
		HideSolutionNode = FALSE
	EndGlobalSection
	GlobalSection(NestedProjects) = preSolution
		{28636AAA-9BC3-4F0C-9136-C926942FCCFB} = {CD2D8659-7D3A-4480-8035-FBE5D361BD95}
		{EDF6A582-4170-41AC-BE0F-BE07B473B2F8} = {02EA681E-C7D8-13C7-8484-4AC65E1B71E8}
		{6BC8AF99-4E0E-4C3F-A388-73DE8F89E56D} = {02EA681E-C7D8-13C7-8484-4AC65E1B71E8}
		{6C694192-CD10-43E8-9102-D2CCDCB717B6} = {02EA681E-C7D8-13C7-8484-4AC65E1B71E8}
		{9CCDEFF0-C5B9-412D-8B79-0C880ADBBAEE} = {02EA681E-C7D8-13C7-8484-4AC65E1B71E8}
		{258A9197-38B2-4970-BF39-6DF6DC667AC9} = {9CCDEFF0-C5B9-412D-8B79-0C880ADBBAEE}
		{41A186DB-B1EC-4B69-ADC0-0F72C45EA193} = {6C694192-CD10-43E8-9102-D2CCDCB717B6}
		{6FE56EC5-49CC-40AE-A72C-14EF6837109C} = {6BC8AF99-4E0E-4C3F-A388-73DE8F89E56D}
		{734083A7-181B-4EB1-A3D9-62E13142C144} = {EDF6A582-4170-41AC-BE0F-BE07B473B2F8}
	EndGlobalSection
	GlobalSection(ExtensibilityGlobals) = postSolution
		SolutionGuid = {7F77627E-0CAF-4BAE-8586-64F2B39F38F5}
	EndGlobalSection
EndGlobal
